{
  "name": "ctc-lite",
  "version": "2.1.2",
  "lockfileVersion": 3,
  "requires": true,
  "packages": {
    "": {
      "name": "ctc-lite",
      "version": "2.1.2",
      "license": "GPL-2.0",
      "dependencies": {
        "ctc-gallery-viewer": "^1.6.0",
        "ctcl-image-gallery": "^1.2.0",
        "js-masonry": "^1.1.0",
        "js-overlay": "^1.0.9"
      },
      "devDependencies": {}
    },
    "node_modules/ctc-gallery-viewer": {
      "version": "1.6.2",
      "resolved": "https://registry.npmjs.org/ctc-gallery-viewer/-/ctc-gallery-viewer-1.6.2.tgz",
      "integrity": "sha512-gNMjO1CyOjAsXlVKxn3BcVW8lfvErWZrFVPMkYv5IayZWAVuZdRFtIgzBf3YlmCasa8mORW9WYrSRvUaxUC6bw=="
    },
    "node_modules/ctcl-image-gallery": {
      "version": "1.2.0",
      "resolved": "https://registry.npmjs.org/ctcl-image-gallery/-/ctcl-image-gallery-1.2.0.tgz",
      "integrity": "sha512-tmFmZLvZbw8F3u1X1E6mJ+uiiXSAL6iz9RKetHlOH4tSmROcV+97v9/XFH9kxZgvzfbiXnLUC0k8MXvO8epp4A=="
    },
    "node_modules/js-masonry": {
      "version": "1.1.0",
      "resolved": "https://registry.npmjs.org/js-masonry/-/js-masonry-1.1.0.tgz",
      "integrity": "sha512-AjdckTKmfwb0srWO8x0DdkOWn+iOJ3yD2qa+nMUweE0pH0Choliwvpeu5ulFV5LGvlD6hvwSgVILSTSCN5/LPA=="
    },
    "node_modules/js-overlay": {
      "version": "1.1.0",
      "resolved": "https://registry.npmjs.org/js-overlay/-/js-overlay-1.1.0.tgz",
      "integrity": "sha512-EUkmXp49OdB5+2v357+4QloDSfrxwRRfX5sKltSAkMfiK0xfkK9lUr+I0uwTho4McYqkrd1mq41O9A+xETLycQ=="
    }
  }
}
